
Microsoft Visual Studio Solution File, Format Version 12.00
# Visual Studio Version 16
VisualStudioVersion = 16.0.30907.101
MinimumVisualStudioVersion = 10.0.40219.1
Project("{2150E333-8FDC-42A3-9474-1A3956D46DE8}") = "Rebus", "Rebus", "{4B4C8A65-CAF7-4D9D-BDE3-953FA74D3799}"
EndProject
Project("{2150E333-8FDC-42A3-9474-1A3956D46DE8}") = "Masstransit", "Masstransit", "{2AC8FFDB-D693-46E1-BE21-8C91FB29A76F}"
EndProject
Project("{2150E333-8FDC-42A3-9474-1A3956D46DE8}") = "NServiceBus", "NServiceBus", "{B3148EB5-B1B5-4F02-8D71-4E7BC315BDCA}"
EndProject
Project("{2150E333-8FDC-42A3-9474-1A3956D46DE8}") = "EasyNetQ", "EasyNetQ", "{29FE16A9-A113-4CBE-BDE6-ED61AB79985F}"
EndProject
Project("{9A19103F-16F7-4668-BE54-9A1E7A4F7556}") = "Contracts", "Masstransit\Contracts\Contracts.csproj", "{636B65B4-FB08-4AE7-A4FF-DF60F7E85550}"
EndProject
Project("{9A19103F-16F7-4668-BE54-9A1E7A4F7556}") = "Consumer", "Masstransit\Consumer\Consumer.csproj", "{DEAA8434-6DC8-4595-A94D-8B3A29F5E74B}"
EndProject
Project("{9A19103F-16F7-4668-BE54-9A1E7A4F7556}") = "Producer", "Masstransit\Producer\Producer.csproj", "{9E4B0E96-4685-4F6A-9778-9A0B1AD90FC9}"
EndProject
Project("{9A19103F-16F7-4668-BE54-9A1E7A4F7556}") = "Contracts", "EasyNetQ\Contracts\Contracts.csproj", "{5BAD31AD-7834-4958-A921-D5651023BD5E}"
EndProject
Project("{9A19103F-16F7-4668-BE54-9A1E7A4F7556}") = "Consumer", "EasyNetQ\Consumer\Consumer.csproj", "{01DC9BBD-71FC-41F9-85D5-E2240562DC9D}"
EndProject
Project("{9A19103F-16F7-4668-BE54-9A1E7A4F7556}") = "Producer", "EasyNetQ\Producer\Producer.csproj", "{17C92C9C-3E21-4A47-9591-DC68C6907DDF}"
EndProject
Project("{9A19103F-16F7-4668-BE54-9A1E7A4F7556}") = "Consumer", "NServiceBus\Consumer\Consumer.csproj", "{7F574539-4055-48C0-93CE-359FADC67E1B}"
EndProject
Project("{9A19103F-16F7-4668-BE54-9A1E7A4F7556}") = "Contracts", "NServiceBus\Contracts\Contracts.csproj", "{87A1CFBB-8F88-4C34-BF6C-548344EF8F7C}"
EndProject
Project("{9A19103F-16F7-4668-BE54-9A1E7A4F7556}") = "Producer", "NServiceBus\Producer\Producer.csproj", "{C74F6906-2957-4783-AE39-C77996D4590A}"
EndProject
Project("{9A19103F-16F7-4668-BE54-9A1E7A4F7556}") = "Consumer", "Rebus\Consumer\Consumer.csproj", "{2759D9E4-30CF-46FA-9C95-55468A0E8E9E}"
EndProject
Project("{9A19103F-16F7-4668-BE54-9A1E7A4F7556}") = "Producer", "Rebus\Producer\Producer.csproj", "{86E79B89-ED97-4A38-8170-3C4A3E45A21E}"
EndProject
Project("{9A19103F-16F7-4668-BE54-9A1E7A4F7556}") = "Contracts", "Rebus\Contracts\Contracts.csproj", "{2CC1D3B4-0C4B-4B94-B457-81C38D4E36E5}"
EndProject
Project("{2150E333-8FDC-42A3-9474-1A3956D46DE8}") = "Solution Items", "Solution Items", "{25B91263-7EEC-4CB4-A2D3-65F82208A2A3}"
	ProjectSection(SolutionItems) = preProject
		.editorconfig = .editorconfig
		README.md = README.md
	EndProjectSection
EndProject
Project("{2150E333-8FDC-42A3-9474-1A3956D46DE8}") = "Scripts", "Scripts", "{ADE43849-0A0D-4811-B64A-DD22D473E0D2}"
	ProjectSection(SolutionItems) = preProject
		Scripts\1-install-rabbit-mq.cmd = Scripts\1-install-rabbit-mq.cmd
		Scripts\2-automate-port-forwarding.cmd = Scripts\2-automate-port-forwarding.cmd
		Scripts\rabbitmq-values.yaml = Scripts\rabbitmq-values.yaml
	EndProjectSection
EndProject
Global
	GlobalSection(SolutionConfigurationPlatforms) = preSolution
		Debug|Any CPU = Debug|Any CPU
		Release|Any CPU = Release|Any CPU
	EndGlobalSection
	GlobalSection(ProjectConfigurationPlatforms) = postSolution
		{636B65B4-FB08-4AE7-A4FF-DF60F7E85550}.Debug|Any CPU.ActiveCfg = Debug|Any CPU
		{636B65B4-FB08-4AE7-A4FF-DF60F7E85550}.Debug|Any CPU.Build.0 = Debug|Any CPU
		{636B65B4-FB08-4AE7-A4FF-DF60F7E85550}.Release|Any CPU.ActiveCfg = Release|Any CPU
		{636B65B4-FB08-4AE7-A4FF-DF60F7E85550}.Release|Any CPU.Build.0 = Release|Any CPU
		{DEAA8434-6DC8-4595-A94D-8B3A29F5E74B}.Debug|Any CPU.ActiveCfg = Debug|Any CPU
		{DEAA8434-6DC8-4595-A94D-8B3A29F5E74B}.Debug|Any CPU.Build.0 = Debug|Any CPU
		{DEAA8434-6DC8-4595-A94D-8B3A29F5E74B}.Release|Any CPU.ActiveCfg = Release|Any CPU
		{DEAA8434-6DC8-4595-A94D-8B3A29F5E74B}.Release|Any CPU.Build.0 = Release|Any CPU
		{9E4B0E96-4685-4F6A-9778-9A0B1AD90FC9}.Debug|Any CPU.ActiveCfg = Debug|Any CPU
		{9E4B0E96-4685-4F6A-9778-9A0B1AD90FC9}.Debug|Any CPU.Build.0 = Debug|Any CPU
		{9E4B0E96-4685-4F6A-9778-9A0B1AD90FC9}.Release|Any CPU.ActiveCfg = Release|Any CPU
		{9E4B0E96-4685-4F6A-9778-9A0B1AD90FC9}.Release|Any CPU.Build.0 = Release|Any CPU
		{5BAD31AD-7834-4958-A921-D5651023BD5E}.Debug|Any CPU.ActiveCfg = Debug|Any CPU
		{5BAD31AD-7834-4958-A921-D5651023BD5E}.Debug|Any CPU.Build.0 = Debug|Any CPU
		{5BAD31AD-7834-4958-A921-D5651023BD5E}.Release|Any CPU.ActiveCfg = Release|Any CPU
		{5BAD31AD-7834-4958-A921-D5651023BD5E}.Release|Any CPU.Build.0 = Release|Any CPU
		{01DC9BBD-71FC-41F9-85D5-E2240562DC9D}.Debug|Any CPU.ActiveCfg = Debug|Any CPU
		{01DC9BBD-71FC-41F9-85D5-E2240562DC9D}.Debug|Any CPU.Build.0 = Debug|Any CPU
		{01DC9BBD-71FC-41F9-85D5-E2240562DC9D}.Release|Any CPU.ActiveCfg = Release|Any CPU
		{01DC9BBD-71FC-41F9-85D5-E2240562DC9D}.Release|Any CPU.Build.0 = Release|Any CPU
		{17C92C9C-3E21-4A47-9591-DC68C6907DDF}.Debug|Any CPU.ActiveCfg = Debug|Any CPU
		{17C92C9C-3E21-4A47-9591-DC68C6907DDF}.Debug|Any CPU.Build.0 = Debug|Any CPU
		{17C92C9C-3E21-4A47-9591-DC68C6907DDF}.Release|Any CPU.ActiveCfg = Release|Any CPU
		{17C92C9C-3E21-4A47-9591-DC68C6907DDF}.Release|Any CPU.Build.0 = Release|Any CPU
		{7F574539-4055-48C0-93CE-359FADC67E1B}.Debug|Any CPU.ActiveCfg = Debug|Any CPU
		{7F574539-4055-48C0-93CE-359FADC67E1B}.Debug|Any CPU.Build.0 = Debug|Any CPU
		{7F574539-4055-48C0-93CE-359FADC67E1B}.Release|Any CPU.ActiveCfg = Release|Any CPU
		{7F574539-4055-48C0-93CE-359FADC67E1B}.Release|Any CPU.Build.0 = Release|Any CPU
		{87A1CFBB-8F88-4C34-BF6C-548344EF8F7C}.Debug|Any CPU.ActiveCfg = Debug|Any CPU
		{87A1CFBB-8F88-4C34-BF6C-548344EF8F7C}.Debug|Any CPU.Build.0 = Debug|Any CPU
		{87A1CFBB-8F88-4C34-BF6C-548344EF8F7C}.Release|Any CPU.ActiveCfg = Release|Any CPU
		{87A1CFBB-8F88-4C34-BF6C-548344EF8F7C}.Release|Any CPU.Build.0 = Release|Any CPU
		{C74F6906-2957-4783-AE39-C77996D4590A}.Debug|Any CPU.ActiveCfg = Debug|Any CPU
		{C74F6906-2957-4783-AE39-C77996D4590A}.Debug|Any CPU.Build.0 = Debug|Any CPU
		{C74F6906-2957-4783-AE39-C77996D4590A}.Release|Any CPU.ActiveCfg = Release|Any CPU
		{C74F6906-2957-4783-AE39-C77996D4590A}.Release|Any CPU.Build.0 = Release|Any CPU
		{2759D9E4-30CF-46FA-9C95-55468A0E8E9E}.Debug|Any CPU.ActiveCfg = Debug|Any CPU
		{2759D9E4-30CF-46FA-9C95-55468A0E8E9E}.Debug|Any CPU.Build.0 = Debug|Any CPU
		{2759D9E4-30CF-46FA-9C95-55468A0E8E9E}.Release|Any CPU.ActiveCfg = Release|Any CPU
		{2759D9E4-30CF-46FA-9C95-55468A0E8E9E}.Release|Any CPU.Build.0 = Release|Any CPU
		{86E79B89-ED97-4A38-8170-3C4A3E45A21E}.Debug|Any CPU.ActiveCfg = Debug|Any CPU
		{86E79B89-ED97-4A38-8170-3C4A3E45A21E}.Debug|Any CPU.Build.0 = Debug|Any CPU
		{86E79B89-ED97-4A38-8170-3C4A3E45A21E}.Release|Any CPU.ActiveCfg = Release|Any CPU
		{86E79B89-ED97-4A38-8170-3C4A3E45A21E}.Release|Any CPU.Build.0 = Release|Any CPU
		{2CC1D3B4-0C4B-4B94-B457-81C38D4E36E5}.Debug|Any CPU.ActiveCfg = Debug|Any CPU
		{2CC1D3B4-0C4B-4B94-B457-81C38D4E36E5}.Debug|Any CPU.Build.0 = Debug|Any CPU
		{2CC1D3B4-0C4B-4B94-B457-81C38D4E36E5}.Release|Any CPU.ActiveCfg = Release|Any CPU
		{2CC1D3B4-0C4B-4B94-B457-81C38D4E36E5}.Release|Any CPU.Build.0 = Release|Any CPU
	EndGlobalSection
	GlobalSection(NestedProjects) = preSolution
		{636B65B4-FB08-4AE7-A4FF-DF60F7E85550} = {2AC8FFDB-D693-46E1-BE21-8C91FB29A76F}
		{DEAA8434-6DC8-4595-A94D-8B3A29F5E74B} = {2AC8FFDB-D693-46E1-BE21-8C91FB29A76F}
		{9E4B0E96-4685-4F6A-9778-9A0B1AD90FC9} = {2AC8FFDB-D693-46E1-BE21-8C91FB29A76F}
		{5BAD31AD-7834-4958-A921-D5651023BD5E} = {29FE16A9-A113-4CBE-BDE6-ED61AB79985F}
		{01DC9BBD-71FC-41F9-85D5-E2240562DC9D} = {29FE16A9-A113-4CBE-BDE6-ED61AB79985F}
		{17C92C9C-3E21-4A47-9591-DC68C6907DDF} = {29FE16A9-A113-4CBE-BDE6-ED61AB79985F}
		{7F574539-4055-48C0-93CE-359FADC67E1B} = {B3148EB5-B1B5-4F02-8D71-4E7BC315BDCA}
		{87A1CFBB-8F88-4C34-BF6C-548344EF8F7C} = {B3148EB5-B1B5-4F02-8D71-4E7BC315BDCA}
		{C74F6906-2957-4783-AE39-C77996D4590A} = {B3148EB5-B1B5-4F02-8D71-4E7BC315BDCA}
		{2759D9E4-30CF-46FA-9C95-55468A0E8E9E} = {4B4C8A65-CAF7-4D9D-BDE3-953FA74D3799}
		{86E79B89-ED97-4A38-8170-3C4A3E45A21E} = {4B4C8A65-CAF7-4D9D-BDE3-953FA74D3799}
		{2CC1D3B4-0C4B-4B94-B457-81C38D4E36E5} = {4B4C8A65-CAF7-4D9D-BDE3-953FA74D3799}
		{ADE43849-0A0D-4811-B64A-DD22D473E0D2} = {25B91263-7EEC-4CB4-A2D3-65F82208A2A3}
	EndGlobalSection
	GlobalSection(SolutionProperties) = preSolution
		HideSolutionNode = FALSE
	EndGlobalSection
	GlobalSection(ExtensibilityGlobals) = postSolution
		SolutionGuid = {DDB37A7B-AE8D-4894-8E55-D5B6B2EB9E54}
	EndGlobalSection
EndGlobal
